
Microsoft Visual Studio Solution File, Format Version 12.00
# Visual Studio Version 17
VisualStudioVersion = 17.14.36109.1 d17.14
MinimumVisualStudioVersion = 10.0.40219.1
Project("{FAE04EC0-301F-11D3-BF4B-00C04F79EFBC}") = "F_PRL", "F_PRL\F_PRL.csproj", "{7E2C3DC5-1593-4C26-974F-F962BB25C6B2}"
EndProject
Project("{FAE04EC0-301F-11D3-BF4B-00C04F79EFBC}") = "F_BLL", "F_BLL\F_BLL.csproj", "{BF514CA5-E6B5-4F72-AAC2-23CEEF05FD52}"
EndProject
Project("{FAE04EC0-301F-11D3-BF4B-00C04F79EFBC}") = "F_DAL", "F_DAL\F_DAL.csproj", "{11687076-B4E7-4071-A5B3-4F1D265CA5C3}"
EndProject
Global
	GlobalSection(SolutionConfigurationPlatforms) = preSolution
		Debug|Any CPU = Debug|Any CPU
		Release|Any CPU = Release|Any CPU
	EndGlobalSection
	GlobalSection(ProjectConfigurationPlatforms) = postSolution
		{7E2C3DC5-1593-4C26-974F-F962BB25C6B2}.Debug|Any CPU.ActiveCfg = Debug|Any CPU
		{7E2C3DC5-1593-4C26-974F-F962BB25C6B2}.Debug|Any CPU.Build.0 = Debug|Any CPU
		{7E2C3DC5-1593-4C26-974F-F962BB25C6B2}.Release|Any CPU.ActiveCfg = Release|Any CPU
		{7E2C3DC5-1593-4C26-974F-F962BB25C6B2}.Release|Any CPU.Build.0 = Release|Any CPU
		{BF514CA5-E6B5-4F72-AAC2-23CEEF05FD52}.Debug|Any CPU.ActiveCfg = Debug|Any CPU
		{BF514CA5-E6B5-4F72-AAC2-23CEEF05FD52}.Debug|Any CPU.Build.0 = Debug|Any CPU
		{BF514CA5-E6B5-4F72-AAC2-23CEEF05FD52}.Release|Any CPU.ActiveCfg = Release|Any CPU
		{BF514CA5-E6B5-4F72-AAC2-23CEEF05FD52}.Release|Any CPU.Build.0 = Release|Any CPU
		{11687076-B4E7-4071-A5B3-4F1D265CA5C3}.Debug|Any CPU.ActiveCfg = Debug|Any CPU
		{11687076-B4E7-4071-A5B3-4F1D265CA5C3}.Debug|Any CPU.Build.0 = Debug|Any CPU
		{11687076-B4E7-4071-A5B3-4F1D265CA5C3}.Release|Any CPU.ActiveCfg = Release|Any CPU
		{11687076-B4E7-4071-A5B3-4F1D265CA5C3}.Release|Any CPU.Build.0 = Release|Any CPU
	EndGlobalSection
	GlobalSection(SolutionProperties) = preSolution
		HideSolutionNode = FALSE
	EndGlobalSection
	GlobalSection(ExtensibilityGlobals) = postSolution
		SolutionGuid = {1C4AD70F-77BA-43C3-A02D-A241B263C9C5}
	EndGlobalSection
EndGlobal
